{
    "_readme": [
        "This file locks the dependencies of your project to a known state",
        "Read more about it at https://getcomposer.org/doc/01-basic-usage.md#composer-lock-the-lock-file",
        "This file is @generated automatically"
    ],
    "content-hash": "2658fdb18c3173a1585078320e4ef67e",
    "packages": [
        {
            "name": "transitive/core",
            "version": "dev-master",
            "source": {
                "type": "git",
                "url": "https://github.com/RobinDumontChaponet/TransitiveCore.git",
                "reference": "7a1b9f5903bd7edc93c0076426935aa15e32d494"
            },
            "dist": {
                "type": "zip",
                "url": "https://api.github.com/repos/RobinDumontChaponet/TransitiveCore/zipball/7a1b9f5903bd7edc93c0076426935aa15e32d494",
                "reference": "7a1b9f5903bd7edc93c0076426935aa15e32d494",
                "shasum": ""
            },
            "require": {
                "php": "^7.1"
            },
            "type": "library",
            "autoload": {
                "psr-4": {
                    "Transitive\\Core\\": "src/"
                },
                "classmap": [
                    "install/ScriptHandler.class.php"
                ]
            },
            "notification-url": "https://packagist.org/downloads/",
            "license": [
                "MIT"
            ],
            "authors": [
                {
                    "name": "Robin Dumont-Chaponet",
                    "email": "src@dumontchapo.net",
                    "homepage": "https://robin.dumontchapo.net",
                    "role": "Developer"
                }
            ],
            "description": "Description is coming",
            "time": "2017-01-01 03:42:04"
        },
        {
            "name": "transitive/utils",
            "version": "dev-master",
            "source": {
                "type": "git",
                "url": "https://github.com/RobinDumontChaponet/TransitiveUtils.git",
                "reference": "8fbe642b61614fe647c7bf82b98414bfb7fd5d7f"
            },
            "dist": {
                "type": "zip",
                "url": "https://api.github.com/repos/RobinDumontChaponet/TransitiveUtils/zipball/8fbe642b61614fe647c7bf82b98414bfb7fd5d7f",
                "reference": "8fbe642b61614fe647c7bf82b98414bfb7fd5d7f",
                "shasum": ""
            },
            "require": {
                "php": "^5.3.3 || ^7.0"
            },
            "type": "library",
            "autoload": {
                "psr-4": {
                    "Transitive\\Utils\\": "src/"
                }
            },
            "notification-url": "https://packagist.org/downloads/",
            "license": [
                "MIT"
            ],
            "authors": [
                {
                    "name": "Robin Dumont-Chaponet",
                    "email": "src@dumontchapo.net",
                    "homepage": "https://robin.dumontchapo.net",
                    "role": "Developer"
                }
            ],
            "description": "Description is coming",
            "time": "2016-12-28 19:02:32"
        }
    ],
    "packages-dev": [],
    "aliases": [],
    "minimum-stability": "stable",
    "stability-flags": {
        "transitive/core": 20,
        "transitive/utils": 20
    },
    "prefer-stable": false,
    "prefer-lowest": false,
    "platform": {
        "php": "^7.0"
    },
    "platform-dev": []
}
